<?xml version="1.0" encoding="utf-8"?>
<Project ToolsVersion="4.0" xmlns="http://schemas.microsoft.com/developer/msbuild/2003">
  <ItemGroup>
    <Filter Include="app">
      <UniqueIdentifier>{665E880B-D267-887C-5BE3-9E7CC7EB937C}</UniqueIdentifier>
    </Filter>
    <Filter Include="hittables">
      <UniqueIdentifier>{A592B722-11FD-6B99-5A3B-1D3FC6E449EE}</UniqueIdentifier>
    </Filter>
    <Filter Include="kernel">
      <UniqueIdentifier>{860FDB08-72B1-05DF-5B6C-193347AD8C2F}</UniqueIdentifier>
    </Filter>
  </ItemGroup>
  <ItemGroup>
    <ClInclude Include="src\app\Render.h">
      <Filter>app</Filter>
    </ClInclude>
    <ClInclude Include="src\scene\hittables\Ray.h">
      <Filter>hittables</Filter>
    </ClInclude>
    <ClInclude Include="src\scene\Scene.h" />
  </ItemGroup>
  <ItemGroup>
    <ClCompile Include="src\app\Render.cpp">
      <Filter>app</Filter>
    </ClCompile>
    <ClCompile Include="src\app\WalnutApp.cpp">
      <Filter>app</Filter>
    </ClCompile>
  </ItemGroup>
  <ItemGroup>
    <CudaCompile Include="src\scene\hittables\Hittable.h" />
    <CudaCompile Include="src\scene\hittables\Sphere.h" />
    <CudaCompile Include="src\kernel\Kernel.h" />
    <CudaCompile Include="src\scene\hittables\Sphere.cpp" />
    <CudaCompile Include="src\kernel\Kernel.cu" />
  </ItemGroup>
</Project>